
Microsoft Visual Studio Solution File, Format Version 12.00
# Visual Studio Version 17
VisualStudioVersion = 17.8.34525.116
MinimumVisualStudioVersion = 10.0.40219.1
Project("{FAE04EC0-301F-11D3-BF4B-00C04F79EFBC}") = "Лаб_1_1", "Лаб_1_1\Лаб_1_1.csproj", "{A19F1937-A015-4E08-933F-E34D055BC86D}"
EndProject
Project("{FAE04EC0-301F-11D3-BF4B-00C04F79EFBC}") = "Лаб_1_2", "Лаб_1_2\Лаб_1_2.csproj", "{204EB266-651C-4BBF-AADE-9BA05F2B8C18}"
EndProject
Project("{FAE04EC0-301F-11D3-BF4B-00C04F79EFBC}") = "Лаб_1_5", "Лаб_1_5\Лаб_1_5.csproj", "{7A3ED5A0-D487-4F77-B23A-6C7CFD5F0635}"
EndProject
Project("{FAE04EC0-301F-11D3-BF4B-00C04F79EFBC}") = "Лаб_1_6", "Лаб_1_6\Лаб_1_6.csproj", "{B5977623-1AAE-4DFF-B166-2BCD7C4CD15F}"
EndProject
Project("{FAE04EC0-301F-11D3-BF4B-00C04F79EFBC}") = "Лаб_1_3", "Лаб_1_3\Лаб_1_3.csproj", "{8ACBD90C-1037-4EFE-B88F-708A8F7F063B}"
EndProject
Project("{FAE04EC0-301F-11D3-BF4B-00C04F79EFBC}") = "Лаб_1_4", "Лаб_1_4\Лаб_1_4.csproj", "{96B8BD79-2B33-4449-9384-6FE26BFB12DE}"
EndProject
Global
	GlobalSection(SolutionConfigurationPlatforms) = preSolution
		Debug|Any CPU = Debug|Any CPU
		Release|Any CPU = Release|Any CPU
	EndGlobalSection
	GlobalSection(ProjectConfigurationPlatforms) = postSolution
		{A19F1937-A015-4E08-933F-E34D055BC86D}.Debug|Any CPU.ActiveCfg = Debug|Any CPU
		{A19F1937-A015-4E08-933F-E34D055BC86D}.Debug|Any CPU.Build.0 = Debug|Any CPU
		{A19F1937-A015-4E08-933F-E34D055BC86D}.Release|Any CPU.ActiveCfg = Release|Any CPU
		{A19F1937-A015-4E08-933F-E34D055BC86D}.Release|Any CPU.Build.0 = Release|Any CPU
		{204EB266-651C-4BBF-AADE-9BA05F2B8C18}.Debug|Any CPU.ActiveCfg = Debug|Any CPU
		{204EB266-651C-4BBF-AADE-9BA05F2B8C18}.Debug|Any CPU.Build.0 = Debug|Any CPU
		{204EB266-651C-4BBF-AADE-9BA05F2B8C18}.Release|Any CPU.ActiveCfg = Release|Any CPU
		{204EB266-651C-4BBF-AADE-9BA05F2B8C18}.Release|Any CPU.Build.0 = Release|Any CPU
		{7A3ED5A0-D487-4F77-B23A-6C7CFD5F0635}.Debug|Any CPU.ActiveCfg = Debug|Any CPU
		{7A3ED5A0-D487-4F77-B23A-6C7CFD5F0635}.Debug|Any CPU.Build.0 = Debug|Any CPU
		{7A3ED5A0-D487-4F77-B23A-6C7CFD5F0635}.Release|Any CPU.ActiveCfg = Release|Any CPU
		{7A3ED5A0-D487-4F77-B23A-6C7CFD5F0635}.Release|Any CPU.Build.0 = Release|Any CPU
		{B5977623-1AAE-4DFF-B166-2BCD7C4CD15F}.Debug|Any CPU.ActiveCfg = Debug|Any CPU
		{B5977623-1AAE-4DFF-B166-2BCD7C4CD15F}.Debug|Any CPU.Build.0 = Debug|Any CPU
		{B5977623-1AAE-4DFF-B166-2BCD7C4CD15F}.Release|Any CPU.ActiveCfg = Release|Any CPU
		{B5977623-1AAE-4DFF-B166-2BCD7C4CD15F}.Release|Any CPU.Build.0 = Release|Any CPU
		{8ACBD90C-1037-4EFE-B88F-708A8F7F063B}.Debug|Any CPU.ActiveCfg = Debug|Any CPU
		{8ACBD90C-1037-4EFE-B88F-708A8F7F063B}.Debug|Any CPU.Build.0 = Debug|Any CPU
		{8ACBD90C-1037-4EFE-B88F-708A8F7F063B}.Release|Any CPU.ActiveCfg = Release|Any CPU
		{8ACBD90C-1037-4EFE-B88F-708A8F7F063B}.Release|Any CPU.Build.0 = Release|Any CPU
		{96B8BD79-2B33-4449-9384-6FE26BFB12DE}.Debug|Any CPU.ActiveCfg = Debug|Any CPU
		{96B8BD79-2B33-4449-9384-6FE26BFB12DE}.Debug|Any CPU.Build.0 = Debug|Any CPU
		{96B8BD79-2B33-4449-9384-6FE26BFB12DE}.Release|Any CPU.ActiveCfg = Release|Any CPU
		{96B8BD79-2B33-4449-9384-6FE26BFB12DE}.Release|Any CPU.Build.0 = Release|Any CPU
	EndGlobalSection
	GlobalSection(SolutionProperties) = preSolution
		HideSolutionNode = FALSE
	EndGlobalSection
	GlobalSection(ExtensibilityGlobals) = postSolution
		SolutionGuid = {A76A2EEC-120E-4431-89BA-607ABB95A408}
	EndGlobalSection
EndGlobal
