
Microsoft Visual Studio Solution File, Format Version 12.00
# Visual Studio Version 17
VisualStudioVersion = 17.8.34525.116
MinimumVisualStudioVersion = 10.0.40219.1
Project("{FAE04EC0-301F-11D3-BF4B-00C04F79EFBC}") = "Лаб_1_1", "Лаб_1_1\Лаб_1_1.csproj", "{A19F1937-A015-4E08-933F-E34D055BC86D}"
EndProject
Global
	GlobalSection(SolutionConfigurationPlatforms) = preSolution
		Debug|Any CPU = Debug|Any CPU
		Release|Any CPU = Release|Any CPU
	EndGlobalSection
	GlobalSection(ProjectConfigurationPlatforms) = postSolution
		{A19F1937-A015-4E08-933F-E34D055BC86D}.Debug|Any CPU.ActiveCfg = Debug|Any CPU
		{A19F1937-A015-4E08-933F-E34D055BC86D}.Debug|Any CPU.Build.0 = Debug|Any CPU
		{A19F1937-A015-4E08-933F-E34D055BC86D}.Release|Any CPU.ActiveCfg = Release|Any CPU
		{A19F1937-A015-4E08-933F-E34D055BC86D}.Release|Any CPU.Build.0 = Release|Any CPU
	EndGlobalSection
	GlobalSection(SolutionProperties) = preSolution
		HideSolutionNode = FALSE
	EndGlobalSection
	GlobalSection(ExtensibilityGlobals) = postSolution
		SolutionGuid = {A76A2EEC-120E-4431-89BA-607ABB95A408}
	EndGlobalSection
EndGlobal
